
Microsoft Visual Studio Solution File, Format Version 12.00
# Visual Studio Version 17
VisualStudioVersion = 17.4.33122.133
MinimumVisualStudioVersion = 10.0.40219.1
Project("{FAE04EC0-301F-11D3-BF4B-00C04F79EFBC}") = "RestSharpExample", "RestSharpExample\RestSharpExample.csproj", "{DA246DD3-DAE5-4B8E-92D1-DE3B938962EE}"
EndProject
Global
	GlobalSection(SolutionConfigurationPlatforms) = preSolution
		Debug|Any CPU = Debug|Any CPU
		Release|Any CPU = Release|Any CPU
	EndGlobalSection
	GlobalSection(ProjectConfigurationPlatforms) = postSolution
		{DA246DD3-DAE5-4B8E-92D1-DE3B938962EE}.Debug|Any CPU.ActiveCfg = Debug|Any CPU
		{DA246DD3-DAE5-4B8E-92D1-DE3B938962EE}.Debug|Any CPU.Build.0 = Debug|Any CPU
		{DA246DD3-DAE5-4B8E-92D1-DE3B938962EE}.Release|Any CPU.ActiveCfg = Release|Any CPU
		{DA246DD3-DAE5-4B8E-92D1-DE3B938962EE}.Release|Any CPU.Build.0 = Release|Any CPU
	EndGlobalSection
	GlobalSection(SolutionProperties) = preSolution
		HideSolutionNode = FALSE
	EndGlobalSection
	GlobalSection(ExtensibilityGlobals) = postSolution
		SolutionGuid = {E58885F8-0A0F-486E-9FF6-C3F1A8DA26A5}
	EndGlobalSection
EndGlobal
